
Microsoft Visual Studio Solution File, Format Version 12.00
# Visual Studio Version 17
VisualStudioVersion = 17.4.33110.190
MinimumVisualStudioVersion = 10.0.40219.1
Project("{FAE04EC0-301F-11D3-BF4B-00C04F79EFBC}") = "app1", "app1\app1.csproj", "{16945001-7510-44B7-9A8A-665B60DCAD15}"
EndProject
Global
	GlobalSection(SolutionConfigurationPlatforms) = preSolution
		Debug|Any CPU = Debug|Any CPU
		Release|Any CPU = Release|Any CPU
	EndGlobalSection
	GlobalSection(ProjectConfigurationPlatforms) = postSolution
		{16945001-7510-44B7-9A8A-665B60DCAD15}.Debug|Any CPU.ActiveCfg = Debug|Any CPU
		{16945001-7510-44B7-9A8A-665B60DCAD15}.Debug|Any CPU.Build.0 = Debug|Any CPU
		{16945001-7510-44B7-9A8A-665B60DCAD15}.Release|Any CPU.ActiveCfg = Release|Any CPU
		{16945001-7510-44B7-9A8A-665B60DCAD15}.Release|Any CPU.Build.0 = Release|Any CPU
	EndGlobalSection
	GlobalSection(SolutionProperties) = preSolution
		HideSolutionNode = FALSE
	EndGlobalSection
	GlobalSection(ExtensibilityGlobals) = postSolution
		SolutionGuid = {F5DFD4EA-FD51-4B4C-82F4-B3B4A2C52633}
	EndGlobalSection
EndGlobal
